
Microsoft Visual Studio Solution File, Format Version 12.00
# Visual Studio 15
VisualStudioVersion = 15.0.27703.2042
MinimumVisualStudioVersion = 10.0.40219.1
Project("{FAE04EC0-301F-11D3-BF4B-00C04F79EFBC}") = "HarvestYieldPatch", "HarvestYieldPatch.csproj", "{282A8B32-1B93-4905-A121-5748DCFB4F64}"
EndProject
Global
	GlobalSection(SolutionConfigurationPlatforms) = preSolution
		Debug|Any CPU = Debug|Any CPU
		Release|Any CPU = Release|Any CPU
	EndGlobalSection
	GlobalSection(ProjectConfigurationPlatforms) = postSolution
		{282A8B32-1B93-4905-A121-5748DCFB4F64}.Debug|Any CPU.ActiveCfg = Debug|Any CPU
		{282A8B32-1B93-4905-A121-5748DCFB4F64}.Debug|Any CPU.Build.0 = Debug|Any CPU
		{282A8B32-1B93-4905-A121-5748DCFB4F64}.Release|Any CPU.ActiveCfg = Release|Any CPU
		{282A8B32-1B93-4905-A121-5748DCFB4F64}.Release|Any CPU.Build.0 = Release|Any CPU
	EndGlobalSection
	GlobalSection(SolutionProperties) = preSolution
		HideSolutionNode = FALSE
	EndGlobalSection
	GlobalSection(ExtensibilityGlobals) = postSolution
		SolutionGuid = {3688AC47-95AA-4DB8-BA30-831D89C091B0}
	EndGlobalSection
EndGlobal
